
Microsoft Visual Studio Solution File, Format Version 12.00
# Visual Studio Version 17
VisualStudioVersion = 17.14.36202.13 d17.14
MinimumVisualStudioVersion = 10.0.40219.1
Project("{FAE04EC0-301F-11D3-BF4B-00C04F79EFBC}") = "Market.Api", "Market.Api\Market.Api.csproj", "{DBDCB503-DD8D-4B3D-8F7C-56D9D673F699}"
EndProject
Global
	GlobalSection(SolutionConfigurationPlatforms) = preSolution
		Debug|Any CPU = Debug|Any CPU
		Release|Any CPU = Release|Any CPU
	EndGlobalSection
	GlobalSection(ProjectConfigurationPlatforms) = postSolution
		{DBDCB503-DD8D-4B3D-8F7C-56D9D673F699}.Debug|Any CPU.ActiveCfg = Debug|Any CPU
		{DBDCB503-DD8D-4B3D-8F7C-56D9D673F699}.Debug|Any CPU.Build.0 = Debug|Any CPU
		{DBDCB503-DD8D-4B3D-8F7C-56D9D673F699}.Release|Any CPU.ActiveCfg = Release|Any CPU
		{DBDCB503-DD8D-4B3D-8F7C-56D9D673F699}.Release|Any CPU.Build.0 = Release|Any CPU
	EndGlobalSection
	GlobalSection(SolutionProperties) = preSolution
		HideSolutionNode = FALSE
	EndGlobalSection
	GlobalSection(ExtensibilityGlobals) = postSolution
		SolutionGuid = {EB13214A-1497-42EB-8022-B2BEF13BC078}
	EndGlobalSection
EndGlobal
